
Microsoft Visual Studio Solution File, Format Version 12.00
# Visual Studio Version 16
VisualStudioVersion = 16.0.31019.35
MinimumVisualStudioVersion = 10.0.40219.1
Project("{FAE04EC0-301F-11D3-BF4B-00C04F79EFBC}") = "VK longpoll bot resizer", "VK longpoll bot resizer\VK longpoll bot resizer.csproj", "{2AF0656D-3B56-4EE6-8E42-4E1A13D017C3}"
EndProject
Global
	GlobalSection(SolutionConfigurationPlatforms) = preSolution
		Debug|Any CPU = Debug|Any CPU
		Release|Any CPU = Release|Any CPU
	EndGlobalSection
	GlobalSection(ProjectConfigurationPlatforms) = postSolution
		{2AF0656D-3B56-4EE6-8E42-4E1A13D017C3}.Debug|Any CPU.ActiveCfg = Debug|Any CPU
		{2AF0656D-3B56-4EE6-8E42-4E1A13D017C3}.Debug|Any CPU.Build.0 = Debug|Any CPU
		{2AF0656D-3B56-4EE6-8E42-4E1A13D017C3}.Release|Any CPU.ActiveCfg = Release|Any CPU
		{2AF0656D-3B56-4EE6-8E42-4E1A13D017C3}.Release|Any CPU.Build.0 = Release|Any CPU
	EndGlobalSection
	GlobalSection(SolutionProperties) = preSolution
		HideSolutionNode = FALSE
	EndGlobalSection
	GlobalSection(ExtensibilityGlobals) = postSolution
		SolutionGuid = {6084E018-FF63-4B51-A283-7DD9A2BCB15E}
	EndGlobalSection
EndGlobal
